// !$*UTF8*$!
{
	archiveVersion = 1;
	classes = {
	};
	objectVersion = 55;
	objects = {

/* Begin PBXBuildFile section */
		0808C8254660BBD642BA274D /* Pods_watch_Test_watch_TestUITests.framework in Frameworks */ = {isa = PBXBuildFile; fileRef = 2DF1E578E1F8A9B0803EDDBA /* Pods_watch_Test_watch_TestUITests.framework */; };
		31AE624D58F32BF70F957535 /* Pods_watch_TestTests.framework in Frameworks */ = {isa = PBXBuildFile; fileRef = BCEBC95BCF905F179B29D96D /* Pods_watch_TestTests.framework */; };
		562EC7F865089F3AC4A60BA4 /* Pods_watch_Test_WatchKit_App.framework in Frameworks */ = {isa = PBXBuildFile; fileRef = 02D474F7035DB6BCDF5F8996 /* Pods_watch_Test_WatchKit_App.framework */; };
		9A531351F45B981C86CBA5DA /* Pods_watch_Test.framework in Frameworks */ = {isa = PBXBuildFile; fileRef = DC5CAE251B1C1229A6506596 /* Pods_watch_Test.framework */; };
		A872EAC62727FA9500FA676D /* watch-Test WatchKit App.app in Embed Watch Content */ = {isa = PBXBuildFile; fileRef = A872EAC52727FA9500FA676D /* watch-Test WatchKit App.app */; settings = {ATTRIBUTES = (RemoveHeadersOnCopy, ); }; };
		A872EACC2727FA9500FA676D /* Interface.storyboard in Resources */ = {isa = PBXBuildFile; fileRef = A872EACA2727FA9500FA676D /* Interface.storyboard */; };
		A872EACE2727FA9B00FA676D /* Assets.xcassets in Resources */ = {isa = PBXBuildFile; fileRef = A872EACD2727FA9B00FA676D /* Assets.xcassets */; };
		A872EAD42727FA9B00FA676D /* watch-Test WatchKit Extension.appex in Embed App Extensions */ = {isa = PBXBuildFile; fileRef = A872EAD32727FA9B00FA676D /* watch-Test WatchKit Extension.appex */; settings = {ATTRIBUTES = (RemoveHeadersOnCopy, ); }; };
		A872EAD92727FA9B00FA676D /* InterfaceController.swift in Sources */ = {isa = PBXBuildFile; fileRef = A872EAD82727FA9B00FA676D /* InterfaceController.swift */; };
		A872EADB2727FA9B00FA676D /* ExtensionDelegate.swift in Sources */ = {isa = PBXBuildFile; fileRef = A872EADA2727FA9B00FA676D /* ExtensionDelegate.swift */; };
		A872EADD2727FA9B00FA676D /* NotificationController.swift in Sources */ = {isa = PBXBuildFile; fileRef = A872EADC2727FA9B00FA676D /* NotificationController.swift */; };
		A872EADF2727FA9B00FA676D /* ComplicationController.swift in Sources */ = {isa = PBXBuildFile; fileRef = A872EADE2727FA9B00FA676D /* ComplicationController.swift */; };
		A872EAE12727FA9E00FA676D /* Assets.xcassets in Resources */ = {isa = PBXBuildFile; fileRef = A872EAE02727FA9E00FA676D /* Assets.xcassets */; };
		A872EAED2727FA9E00FA676D /* watch_TestTests.swift in Sources */ = {isa = PBXBuildFile; fileRef = A872EAEC2727FA9E00FA676D /* watch_TestTests.swift */; };
		A872EAF72727FA9E00FA676D /* watch_TestUITests.swift in Sources */ = {isa = PBXBuildFile; fileRef = A872EAF62727FA9E00FA676D /* watch_TestUITests.swift */; };
		A872EAF92727FA9E00FA676D /* watch_TestUITestsLaunchTests.swift in Sources */ = {isa = PBXBuildFile; fileRef = A872EAF82727FA9E00FA676D /* watch_TestUITestsLaunchTests.swift */; };
		A872EB11272876EE00FA676D /* APIService.swift in Sources */ = {isa = PBXBuildFile; fileRef = A872EB10272876EE00FA676D /* APIService.swift */; };
		A872EB14272879FC00FA676D /* QRMeScreenResponse.swift in Sources */ = {isa = PBXBuildFile; fileRef = A872EB13272879FC00FA676D /* QRMeScreenResponse.swift */; };
		A872EB1A2729664500FA676D /* FontsFree-Net-SFCompactDisplay-Regular.ttf in Resources */ = {isa = PBXBuildFile; fileRef = A872EB192729664500FA676D /* FontsFree-Net-SFCompactDisplay-Regular.ttf */; };
		A872EB1C272967E400FA676D /* SF-Compact-Display-Semibold.otf in Resources */ = {isa = PBXBuildFile; fileRef = A872EB1B272967E400FA676D /* SF-Compact-Display-Semibold.otf */; };
		C860A63B9D02672B61569391 /* Pods_watch_Test_WatchKit_Extension.framework in Frameworks */ = {isa = PBXBuildFile; fileRef = B67E3A1FE1A5363AB65BD6D6 /* Pods_watch_Test_WatchKit_Extension.framework */; };
/* End PBXBuildFile section */

/* Begin PBXContainerItemProxy section */
		A872EAC72727FA9500FA676D /* PBXContainerItemProxy */ = {
			isa = PBXContainerItemProxy;
			containerPortal = A872EABB2727FA9400FA676D /* Project object */;
			proxyType = 1;
			remoteGlobalIDString = A872EAC42727FA9400FA676D;
			remoteInfo = "watch-Test WatchKit App";
		};
		A872EAD52727FA9B00FA676D /* PBXContainerItemProxy */ = {
			isa = PBXContainerItemProxy;
			containerPortal = A872EABB2727FA9400FA676D /* Project object */;
			proxyType = 1;
			remoteGlobalIDString = A872EAD22727FA9B00FA676D;
			remoteInfo = "watch-Test WatchKit Extension";
		};
		A872EAE92727FA9E00FA676D /* PBXContainerItemProxy */ = {
			isa = PBXContainerItemProxy;
			containerPortal = A872EABB2727FA9400FA676D /* Project object */;
			proxyType = 1;
			remoteGlobalIDString = A872EAD22727FA9B00FA676D;
			remoteInfo = "watch-Test WatchKit Extension";
		};
		A872EAF32727FA9E00FA676D /* PBXContainerItemProxy */ = {
			isa = PBXContainerItemProxy;
			containerPortal = A872EABB2727FA9400FA676D /* Project object */;
			proxyType = 1;
			remoteGlobalIDString = A872EAC42727FA9400FA676D;
			remoteInfo = "watch-Test WatchKit App";
		};
/* End PBXContainerItemProxy section */

/* Begin PBXCopyFilesBuildPhase section */
		A872EAFF2727FA9E00FA676D /* Embed App Extensions */ = {
			isa = PBXCopyFilesBuildPhase;
			buildActionMask = 2147483647;
			dstPath = "";
			dstSubfolderSpec = 13;
			files = (
				A872EAD42727FA9B00FA676D /* watch-Test WatchKit Extension.appex in Embed App Extensions */,
			);
			name = "Embed App Extensions";
			runOnlyForDeploymentPostprocessing = 0;
		};
		A872EB032727FA9E00FA676D /* Embed Watch Content */ = {
			isa = PBXCopyFilesBuildPhase;
			buildActionMask = 2147483647;
			dstPath = "$(CONTENTS_FOLDER_PATH)/Watch";
			dstSubfolderSpec = 16;
			files = (
				A872EAC62727FA9500FA676D /* watch-Test WatchKit App.app in Embed Watch Content */,
			);
			name = "Embed Watch Content";
			runOnlyForDeploymentPostprocessing = 0;
		};
/* End PBXCopyFilesBuildPhase section */

/* Begin PBXFileReference section */
		02D474F7035DB6BCDF5F8996 /* Pods_watch_Test_WatchKit_App.framework */ = {isa = PBXFileReference; explicitFileType = wrapper.framework; includeInIndex = 0; path = Pods_watch_Test_WatchKit_App.framework; sourceTree = BUILT_PRODUCTS_DIR; };
		1AF0E4A52D54150F4ADC2161 /* Pods-watch-Test.debug.xcconfig */ = {isa = PBXFileReference; includeInIndex = 1; lastKnownFileType = text.xcconfig; name = "Pods-watch-Test.debug.xcconfig"; path = "Target Support Files/Pods-watch-Test/Pods-watch-Test.debug.xcconfig"; sourceTree = "<group>"; };
		2251DFDC2324E4495C854759 /* Pods-watch-Test WatchKit App.release.xcconfig */ = {isa = PBXFileReference; includeInIndex = 1; lastKnownFileType = text.xcconfig; name = "Pods-watch-Test WatchKit App.release.xcconfig"; path = "Target Support Files/Pods-watch-Test WatchKit App/Pods-watch-Test WatchKit App.release.xcconfig"; sourceTree = "<group>"; };
		2DF1E578E1F8A9B0803EDDBA /* Pods_watch_Test_watch_TestUITests.framework */ = {isa = PBXFileReference; explicitFileType = wrapper.framework; includeInIndex = 0; path = Pods_watch_Test_watch_TestUITests.framework; sourceTree = BUILT_PRODUCTS_DIR; };
		321206AA33D65D42BFD0CD5B /* Pods-watch-Test-watch-TestUITests.release.xcconfig */ = {isa = PBXFileReference; includeInIndex = 1; lastKnownFileType = text.xcconfig; name = "Pods-watch-Test-watch-TestUITests.release.xcconfig"; path = "Target Support Files/Pods-watch-Test-watch-TestUITests/Pods-watch-Test-watch-TestUITests.release.xcconfig"; sourceTree = "<group>"; };
		67BEA0B46327FA8066DBAFEB /* Pods-watch-Test-watch-TestUITests.debug.xcconfig */ = {isa = PBXFileReference; includeInIndex = 1; lastKnownFileType = text.xcconfig; name = "Pods-watch-Test-watch-TestUITests.debug.xcconfig"; path = "Target Support Files/Pods-watch-Test-watch-TestUITests/Pods-watch-Test-watch-TestUITests.debug.xcconfig"; sourceTree = "<group>"; };
		6CADF6DD4A1069872BD03428 /* Pods-watch-TestTests.release.xcconfig */ = {isa = PBXFileReference; includeInIndex = 1; lastKnownFileType = text.xcconfig; name = "Pods-watch-TestTests.release.xcconfig"; path = "Target Support Files/Pods-watch-TestTests/Pods-watch-TestTests.release.xcconfig"; sourceTree = "<group>"; };
		76F50644535D6CCCF665FE00 /* Pods-watch-Test.release.xcconfig */ = {isa = PBXFileReference; includeInIndex = 1; lastKnownFileType = text.xcconfig; name = "Pods-watch-Test.release.xcconfig"; path = "Target Support Files/Pods-watch-Test/Pods-watch-Test.release.xcconfig"; sourceTree = "<group>"; };
		79A682273D80083AEB8A11FD /* Pods-watch-Test WatchKit App.debug.xcconfig */ = {isa = PBXFileReference; includeInIndex = 1; lastKnownFileType = text.xcconfig; name = "Pods-watch-Test WatchKit App.debug.xcconfig"; path = "Target Support Files/Pods-watch-Test WatchKit App/Pods-watch-Test WatchKit App.debug.xcconfig"; sourceTree = "<group>"; };
		7D95FB1CC54F8158E9B5B864 /* Pods-watch-Test WatchKit Extension.release.xcconfig */ = {isa = PBXFileReference; includeInIndex = 1; lastKnownFileType = text.xcconfig; name = "Pods-watch-Test WatchKit Extension.release.xcconfig"; path = "Target Support Files/Pods-watch-Test WatchKit Extension/Pods-watch-Test WatchKit Extension.release.xcconfig"; sourceTree = "<group>"; };
		810BBC006BF496C36A1ACC86 /* Pods-watch-TestTests.debug.xcconfig */ = {isa = PBXFileReference; includeInIndex = 1; lastKnownFileType = text.xcconfig; name = "Pods-watch-TestTests.debug.xcconfig"; path = "Target Support Files/Pods-watch-TestTests/Pods-watch-TestTests.debug.xcconfig"; sourceTree = "<group>"; };
		A872EAC12727FA9400FA676D /* watch-Test.app */ = {isa = PBXFileReference; explicitFileType = wrapper.application; includeInIndex = 0; path = "watch-Test.app"; sourceTree = BUILT_PRODUCTS_DIR; };
		A872EAC52727FA9500FA676D /* watch-Test WatchKit App.app */ = {isa = PBXFileReference; explicitFileType = wrapper.application; includeInIndex = 0; path = "watch-Test WatchKit App.app"; sourceTree = BUILT_PRODUCTS_DIR; };
		A872EACB2727FA9500FA676D /* Base */ = {isa = PBXFileReference; lastKnownFileType = file.storyboard; name = Base; path = Base.lproj/Interface.storyboard; sourceTree = "<group>"; };
		A872EACD2727FA9B00FA676D /* Assets.xcassets */ = {isa = PBXFileReference; lastKnownFileType = folder.assetcatalog; path = Assets.xcassets; sourceTree = "<group>"; };
		A872EAD32727FA9B00FA676D /* watch-Test WatchKit Extension.appex */ = {isa = PBXFileReference; explicitFileType = "wrapper.app-extension"; includeInIndex = 0; path = "watch-Test WatchKit Extension.appex"; sourceTree = BUILT_PRODUCTS_DIR; };
		A872EAD82727FA9B00FA676D /* InterfaceController.swift */ = {isa = PBXFileReference; lastKnownFileType = sourcecode.swift; path = InterfaceController.swift; sourceTree = "<group>"; };
		A872EADA2727FA9B00FA676D /* ExtensionDelegate.swift */ = {isa = PBXFileReference; lastKnownFileType = sourcecode.swift; path = ExtensionDelegate.swift; sourceTree = "<group>"; };
		A872EADC2727FA9B00FA676D /* NotificationController.swift */ = {isa = PBXFileReference; lastKnownFileType = sourcecode.swift; path = NotificationController.swift; sourceTree = "<group>"; };
		A872EADE2727FA9B00FA676D /* ComplicationController.swift */ = {isa = PBXFileReference; lastKnownFileType = sourcecode.swift; path = ComplicationController.swift; sourceTree = "<group>"; };
		A872EAE02727FA9E00FA676D /* Assets.xcassets */ = {isa = PBXFileReference; lastKnownFileType = folder.assetcatalog; path = Assets.xcassets; sourceTree = "<group>"; };
		A872EAE22727FA9E00FA676D /* Info.plist */ = {isa = PBXFileReference; lastKnownFileType = text.plist.xml; path = Info.plist; sourceTree = "<group>"; };
		A872EAE32727FA9E00FA676D /* PushNotificationPayload.apns */ = {isa = PBXFileReference; lastKnownFileType = text; path = PushNotificationPayload.apns; sourceTree = "<group>"; };
		A872EAE82727FA9E00FA676D /* watch-TestTests.xctest */ = {isa = PBXFileReference; explicitFileType = wrapper.cfbundle; includeInIndex = 0; path = "watch-TestTests.xctest"; sourceTree = BUILT_PRODUCTS_DIR; };
		A872EAEC2727FA9E00FA676D /* watch_TestTests.swift */ = {isa = PBXFileReference; lastKnownFileType = sourcecode.swift; path = watch_TestTests.swift; sourceTree = "<group>"; };
		A872EAF22727FA9E00FA676D /* watch-TestUITests.xctest */ = {isa = PBXFileReference; explicitFileType = wrapper.cfbundle; includeInIndex = 0; path = "watch-TestUITests.xctest"; sourceTree = BUILT_PRODUCTS_DIR; };
		A872EAF62727FA9E00FA676D /* watch_TestUITests.swift */ = {isa = PBXFileReference; lastKnownFileType = sourcecode.swift; path = watch_TestUITests.swift; sourceTree = "<group>"; };
		A872EAF82727FA9E00FA676D /* watch_TestUITestsLaunchTests.swift */ = {isa = PBXFileReference; lastKnownFileType = sourcecode.swift; path = watch_TestUITestsLaunchTests.swift; sourceTree = "<group>"; };
		A872EB10272876EE00FA676D /* APIService.swift */ = {isa = PBXFileReference; lastKnownFileType = sourcecode.swift; path = APIService.swift; sourceTree = "<group>"; };
		A872EB13272879FC00FA676D /* QRMeScreenResponse.swift */ = {isa = PBXFileReference; lastKnownFileType = sourcecode.swift; path = QRMeScreenResponse.swift; sourceTree = "<group>"; };
		A872EB192729664500FA676D /* FontsFree-Net-SFCompactDisplay-Regular.ttf */ = {isa = PBXFileReference; lastKnownFileType = file; path = "FontsFree-Net-SFCompactDisplay-Regular.ttf"; sourceTree = "<group>"; };
		A872EB1B272967E400FA676D /* SF-Compact-Display-Semibold.otf */ = {isa = PBXFileReference; lastKnownFileType = file; path = "SF-Compact-Display-Semibold.otf"; sourceTree = "<group>"; };
		B67E3A1FE1A5363AB65BD6D6 /* Pods_watch_Test_WatchKit_Extension.framework */ = {isa = PBXFileReference; explicitFileType = wrapper.framework; includeInIndex = 0; path = Pods_watch_Test_WatchKit_Extension.framework; sourceTree = BUILT_PRODUCTS_DIR; };
		BCEBC95BCF905F179B29D96D /* Pods_watch_TestTests.framework */ = {isa = PBXFileReference; explicitFileType = wrapper.framework; includeInIndex = 0; path = Pods_watch_TestTests.framework; sourceTree = BUILT_PRODUCTS_DIR; };
		DC5CAE251B1C1229A6506596 /* Pods_watch_Test.framework */ = {isa = PBXFileReference; explicitFileType = wrapper.framework; includeInIndex = 0; path = Pods_watch_Test.framework; sourceTree = BUILT_PRODUCTS_DIR; };
		FEFD24BB449DBAE20D2F83C3 /* Pods-watch-Test WatchKit Extension.debug.xcconfig */ = {isa = PBXFileReference; includeInIndex = 1; lastKnownFileType = text.xcconfig; name = "Pods-watch-Test WatchKit Extension.debug.xcconfig"; path = "Target Support Files/Pods-watch-Test WatchKit Extension/Pods-watch-Test WatchKit Extension.debug.xcconfig"; sourceTree = "<group>"; };
/* End PBXFileReference section */

/* Begin PBXFrameworksBuildPhase section */
		69D223ADA3FC2D24BDFD16E4 /* Frameworks */ = {
			isa = PBXFrameworksBuildPhase;
			buildActionMask = 2147483647;
			files = (
				562EC7F865089F3AC4A60BA4 /* Pods_watch_Test_WatchKit_App.framework in Frameworks */,
			);
			runOnlyForDeploymentPostprocessing = 0;
		};
		A055B3473C9FF0C262C45203 /* Frameworks */ = {
			isa = PBXFrameworksBuildPhase;
			buildActionMask = 2147483647;
			files = (
				9A531351F45B981C86CBA5DA /* Pods_watch_Test.framework in Frameworks */,
			);
			runOnlyForDeploymentPostprocessing = 0;
		};
		A872EAD02727FA9B00FA676D /* Frameworks */ = {
			isa = PBXFrameworksBuildPhase;
			buildActionMask = 2147483647;
			files = (
				C860A63B9D02672B61569391 /* Pods_watch_Test_WatchKit_Extension.framework in Frameworks */,
			);
			runOnlyForDeploymentPostprocessing = 0;
		};
		A872EAE52727FA9E00FA676D /* Frameworks */ = {
			isa = PBXFrameworksBuildPhase;
			buildActionMask = 2147483647;
			files = (
				31AE624D58F32BF70F957535 /* Pods_watch_TestTests.framework in Frameworks */,
			);
			runOnlyForDeploymentPostprocessing = 0;
		};
		A872EAEF2727FA9E00FA676D /* Frameworks */ = {
			isa = PBXFrameworksBuildPhase;
			buildActionMask = 2147483647;
			files = (
				0808C8254660BBD642BA274D /* Pods_watch_Test_watch_TestUITests.framework in Frameworks */,
			);
			runOnlyForDeploymentPostprocessing = 0;
		};
/* End PBXFrameworksBuildPhase section */

/* Begin PBXGroup section */
		A68AB5EC2CCB40BFE720EAD6 /* Pods */ = {
			isa = PBXGroup;
			children = (
				1AF0E4A52D54150F4ADC2161 /* Pods-watch-Test.debug.xcconfig */,
				76F50644535D6CCCF665FE00 /* Pods-watch-Test.release.xcconfig */,
				79A682273D80083AEB8A11FD /* Pods-watch-Test WatchKit App.debug.xcconfig */,
				2251DFDC2324E4495C854759 /* Pods-watch-Test WatchKit App.release.xcconfig */,
				FEFD24BB449DBAE20D2F83C3 /* Pods-watch-Test WatchKit Extension.debug.xcconfig */,
				7D95FB1CC54F8158E9B5B864 /* Pods-watch-Test WatchKit Extension.release.xcconfig */,
				67BEA0B46327FA8066DBAFEB /* Pods-watch-Test-watch-TestUITests.debug.xcconfig */,
				321206AA33D65D42BFD0CD5B /* Pods-watch-Test-watch-TestUITests.release.xcconfig */,
				810BBC006BF496C36A1ACC86 /* Pods-watch-TestTests.debug.xcconfig */,
				6CADF6DD4A1069872BD03428 /* Pods-watch-TestTests.release.xcconfig */,
			);
			path = Pods;
			sourceTree = "<group>";
		};
		A7B3C4C7DB0C8BA28BA49542 /* Frameworks */ = {
			isa = PBXGroup;
			children = (
				DC5CAE251B1C1229A6506596 /* Pods_watch_Test.framework */,
				02D474F7035DB6BCDF5F8996 /* Pods_watch_Test_WatchKit_App.framework */,
				B67E3A1FE1A5363AB65BD6D6 /* Pods_watch_Test_WatchKit_Extension.framework */,
				2DF1E578E1F8A9B0803EDDBA /* Pods_watch_Test_watch_TestUITests.framework */,
				BCEBC95BCF905F179B29D96D /* Pods_watch_TestTests.framework */,
			);
			name = Frameworks;
			sourceTree = "<group>";
		};
		A872EABA2727FA9400FA676D = {
			isa = PBXGroup;
			children = (
				A872EAC92727FA9500FA676D /* watch-Test WatchKit App */,
				A872EAD72727FA9B00FA676D /* watch-Test WatchKit Extension */,
				A872EAEB2727FA9E00FA676D /* watch-TestTests */,
				A872EAF52727FA9E00FA676D /* watch-TestUITests */,
				A872EAC22727FA9400FA676D /* Products */,
				A68AB5EC2CCB40BFE720EAD6 /* Pods */,
				A7B3C4C7DB0C8BA28BA49542 /* Frameworks */,
			);
			sourceTree = "<group>";
		};
		A872EAC22727FA9400FA676D /* Products */ = {
			isa = PBXGroup;
			children = (
				A872EAC12727FA9400FA676D /* watch-Test.app */,
				A872EAC52727FA9500FA676D /* watch-Test WatchKit App.app */,
				A872EAD32727FA9B00FA676D /* watch-Test WatchKit Extension.appex */,
				A872EAE82727FA9E00FA676D /* watch-TestTests.xctest */,
				A872EAF22727FA9E00FA676D /* watch-TestUITests.xctest */,
			);
			name = Products;
			sourceTree = "<group>";
		};
		A872EAC92727FA9500FA676D /* watch-Test WatchKit App */ = {
			isa = PBXGroup;
			children = (
				A872EB0E272876B700FA676D /* View */,
			);
			path = "watch-Test WatchKit App";
			sourceTree = "<group>";
		};
		A872EAD72727FA9B00FA676D /* watch-Test WatchKit Extension */ = {
			isa = PBXGroup;
			children = (
				A872EB1B272967E400FA676D /* SF-Compact-Display-Semibold.otf */,
				A872EB192729664500FA676D /* FontsFree-Net-SFCompactDisplay-Regular.ttf */,
				A872EB0D272876AE00FA676D /* Model */,
				A872EB0F272876C200FA676D /* Controller */,
				A872EADA2727FA9B00FA676D /* ExtensionDelegate.swift */,
				A872EADC2727FA9B00FA676D /* NotificationController.swift */,
				A872EADE2727FA9B00FA676D /* ComplicationController.swift */,
				A872EAE02727FA9E00FA676D /* Assets.xcassets */,
				A872EAE22727FA9E00FA676D /* Info.plist */,
				A872EAE32727FA9E00FA676D /* PushNotificationPayload.apns */,
			);
			path = "watch-Test WatchKit Extension";
			sourceTree = "<group>";
		};
		A872EAEB2727FA9E00FA676D /* watch-TestTests */ = {
			isa = PBXGroup;
			children = (
				A872EAEC2727FA9E00FA676D /* watch_TestTests.swift */,
			);
			path = "watch-TestTests";
			sourceTree = "<group>";
		};
		A872EAF52727FA9E00FA676D /* watch-TestUITests */ = {
			isa = PBXGroup;
			children = (
				A872EAF62727FA9E00FA676D /* watch_TestUITests.swift */,
				A872EAF82727FA9E00FA676D /* watch_TestUITestsLaunchTests.swift */,
			);
			path = "watch-TestUITests";
			sourceTree = "<group>";
		};
		A872EB0D272876AE00FA676D /* Model */ = {
			isa = PBXGroup;
			children = (
				A872EB10272876EE00FA676D /* APIService.swift */,
				A872EB12272879D800FA676D /* Response */,
			);
			path = Model;
			sourceTree = "<group>";
		};
		A872EB0E272876B700FA676D /* View */ = {
			isa = PBXGroup;
			children = (
				A872EACA2727FA9500FA676D /* Interface.storyboard */,
				A872EACD2727FA9B00FA676D /* Assets.xcassets */,
			);
			path = View;
			sourceTree = "<group>";
		};
		A872EB0F272876C200FA676D /* Controller */ = {
			isa = PBXGroup;
			children = (
				A872EAD82727FA9B00FA676D /* InterfaceController.swift */,
			);
			path = Controller;
			sourceTree = "<group>";
		};
		A872EB12272879D800FA676D /* Response */ = {
			isa = PBXGroup;
			children = (
				A872EB13272879FC00FA676D /* QRMeScreenResponse.swift */,
			);
			path = Response;
			sourceTree = "<group>";
		};
/* End PBXGroup section */

/* Begin PBXNativeTarget section */
		A872EAC02727FA9400FA676D /* watch-Test */ = {
			isa = PBXNativeTarget;
			buildConfigurationList = A872EB042727FA9E00FA676D /* Build configuration list for PBXNativeTarget "watch-Test" */;
			buildPhases = (
				E1A36A9D9D3791B9AE09D2A8 /* [CP] Check Pods Manifest.lock */,
				A872EABF2727FA9400FA676D /* Resources */,
				A872EB032727FA9E00FA676D /* Embed Watch Content */,
				A055B3473C9FF0C262C45203 /* Frameworks */,
			);
			buildRules = (
			);
			dependencies = (
				A872EAC82727FA9500FA676D /* PBXTargetDependency */,
			);
			name = "watch-Test";
			productName = "watch-Test";
			productReference = A872EAC12727FA9400FA676D /* watch-Test.app */;
			productType = "com.apple.product-type.application.watchapp2-container";
		};
		A872EAC42727FA9400FA676D /* watch-Test WatchKit App */ = {
			isa = PBXNativeTarget;
			buildConfigurationList = A872EB002727FA9E00FA676D /* Build configuration list for PBXNativeTarget "watch-Test WatchKit App" */;
			buildPhases = (
				EE54F461F75D48D691843E15 /* [CP] Check Pods Manifest.lock */,
				A872EAC32727FA9400FA676D /* Resources */,
				A872EAFF2727FA9E00FA676D /* Embed App Extensions */,
				69D223ADA3FC2D24BDFD16E4 /* Frameworks */,
			);
			buildRules = (
			);
			dependencies = (
				A872EAD62727FA9B00FA676D /* PBXTargetDependency */,
			);
			name = "watch-Test WatchKit App";
			productName = "watch-Test WatchKit App";
			productReference = A872EAC52727FA9500FA676D /* watch-Test WatchKit App.app */;
			productType = "com.apple.product-type.application.watchapp2";
		};
		A872EAD22727FA9B00FA676D /* watch-Test WatchKit Extension */ = {
			isa = PBXNativeTarget;
			buildConfigurationList = A872EAFC2727FA9E00FA676D /* Build configuration list for PBXNativeTarget "watch-Test WatchKit Extension" */;
			buildPhases = (
				ADDE576996CB7D9B0503236C /* [CP] Check Pods Manifest.lock */,
				A872EACF2727FA9B00FA676D /* Sources */,
				A872EAD02727FA9B00FA676D /* Frameworks */,
				A872EAD12727FA9B00FA676D /* Resources */,
				E7408CF128C6AB78D80DD588 /* [CP] Embed Pods Frameworks */,
			);
			buildRules = (
			);
			dependencies = (
			);
			name = "watch-Test WatchKit Extension";
			productName = "watch-Test WatchKit Extension";
			productReference = A872EAD32727FA9B00FA676D /* watch-Test WatchKit Extension.appex */;
			productType = "com.apple.product-type.watchkit2-extension";
		};
		A872EAE72727FA9E00FA676D /* watch-TestTests */ = {
			isa = PBXNativeTarget;
			buildConfigurationList = A872EB072727FA9E00FA676D /* Build configuration list for PBXNativeTarget "watch-TestTests" */;
			buildPhases = (
				E5AE847240A9F065E6820D25 /* [CP] Check Pods Manifest.lock */,
				A872EAE42727FA9E00FA676D /* Sources */,
				A872EAE52727FA9E00FA676D /* Frameworks */,
				A872EAE62727FA9E00FA676D /* Resources */,
			);
			buildRules = (
			);
			dependencies = (
				A872EAEA2727FA9E00FA676D /* PBXTargetDependency */,
			);
			name = "watch-TestTests";
			productName = "watch-TestTests";
			productReference = A872EAE82727FA9E00FA676D /* watch-TestTests.xctest */;
			productType = "com.apple.product-type.bundle.unit-test";
		};
		A872EAF12727FA9E00FA676D /* watch-TestUITests */ = {
			isa = PBXNativeTarget;
			buildConfigurationList = A872EB0A2727FA9E00FA676D /* Build configuration list for PBXNativeTarget "watch-TestUITests" */;
			buildPhases = (
				8810397DABF9127F00F27798 /* [CP] Check Pods Manifest.lock */,
				A872EAEE2727FA9E00FA676D /* Sources */,
				A872EAEF2727FA9E00FA676D /* Frameworks */,
				A872EAF02727FA9E00FA676D /* Resources */,
			);
			buildRules = (
			);
			dependencies = (
				A872EAF42727FA9E00FA676D /* PBXTargetDependency */,
			);
			name = "watch-TestUITests";
			productName = "watch-TestUITests";
			productReference = A872EAF22727FA9E00FA676D /* watch-TestUITests.xctest */;
			productType = "com.apple.product-type.bundle.ui-testing";
		};
/* End PBXNativeTarget section */

/* Begin PBXProject section */
		A872EABB2727FA9400FA676D /* Project object */ = {
			isa = PBXProject;
			attributes = {
				BuildIndependentTargetsInParallel = 1;
				LastSwiftUpdateCheck = 1300;
				LastUpgradeCheck = 1300;
				TargetAttributes = {
					A872EAC02727FA9400FA676D = {
						CreatedOnToolsVersion = 13.0;
					};
					A872EAC42727FA9400FA676D = {
						CreatedOnToolsVersion = 13.0;
					};
					A872EAD22727FA9B00FA676D = {
						CreatedOnToolsVersion = 13.0;
					};
					A872EAE72727FA9E00FA676D = {
						CreatedOnToolsVersion = 13.0;
						TestTargetID = A872EAD22727FA9B00FA676D;
					};
					A872EAF12727FA9E00FA676D = {
						CreatedOnToolsVersion = 13.0;
						TestTargetID = A872EAC42727FA9400FA676D;
					};
				};
			};
			buildConfigurationList = A872EABE2727FA9400FA676D /* Build configuration list for PBXProject "watch-Test" */;
			compatibilityVersion = "Xcode 13.0";
			developmentRegion = en;
			hasScannedForEncodings = 0;
			knownRegions = (
				en,
				Base,
			);
			mainGroup = A872EABA2727FA9400FA676D;
			productRefGroup = A872EAC22727FA9400FA676D /* Products */;
			projectDirPath = "";
			projectRoot = "";
			targets = (
				A872EAC02727FA9400FA676D /* watch-Test */,
				A872EAC42727FA9400FA676D /* watch-Test WatchKit App */,
				A872EAD22727FA9B00FA676D /* watch-Test WatchKit Extension */,
				A872EAE72727FA9E00FA676D /* watch-TestTests */,
				A872EAF12727FA9E00FA676D /* watch-TestUITests */,
			);
		};
/* End PBXProject section */

/* Begin PBXResourcesBuildPhase section */
		A872EABF2727FA9400FA676D /* Resources */ = {
			isa = PBXResourcesBuildPhase;
			buildActionMask = 2147483647;
			files = (
			);
			runOnlyForDeploymentPostprocessing = 0;
		};
		A872EAC32727FA9400FA676D /* Resources */ = {
			isa = PBXResourcesBuildPhase;
			buildActionMask = 2147483647;
			files = (
				A872EACE2727FA9B00FA676D /* Assets.xcassets in Resources */,
				A872EACC2727FA9500FA676D /* Interface.storyboard in Resources */,
			);
			runOnlyForDeploymentPostprocessing = 0;
		};
		A872EAD12727FA9B00FA676D /* Resources */ = {
			isa = PBXResourcesBuildPhase;
			buildActionMask = 2147483647;
			files = (
				A872EB1A2729664500FA676D /* FontsFree-Net-SFCompactDisplay-Regular.ttf in Resources */,
				A872EB1C272967E400FA676D /* SF-Compact-Display-Semibold.otf in Resources */,
				A872EAE12727FA9E00FA676D /* Assets.xcassets in Resources */,
			);
			runOnlyForDeploymentPostprocessing = 0;
		};
		A872EAE62727FA9E00FA676D /* Resources */ = {
			isa = PBXResourcesBuildPhase;
			buildActionMask = 2147483647;
			files = (
			);
			runOnlyForDeploymentPostprocessing = 0;
		};
		A872EAF02727FA9E00FA676D /* Resources */ = {
			isa = PBXResourcesBuildPhase;
			buildActionMask = 2147483647;
			files = (
			);
			runOnlyForDeploymentPostprocessing = 0;
		};
/* End PBXResourcesBuildPhase section */

/* Begin PBXShellScriptBuildPhase section */
		8810397DABF9127F00F27798 /* [CP] Check Pods Manifest.lock */ = {
			isa = PBXShellScriptBuildPhase;
			buildActionMask = 2147483647;
			files = (
			);
			inputFileListPaths = (
			);
			inputPaths = (
				"${PODS_PODFILE_DIR_PATH}/Podfile.lock",
				"${PODS_ROOT}/Manifest.lock",
			);
			name = "[CP] Check Pods Manifest.lock";
			outputFileListPaths = (
			);
			outputPaths = (
				"$(DERIVED_FILE_DIR)/Pods-watch-Test-watch-TestUITests-checkManifestLockResult.txt",
			);
			runOnlyForDeploymentPostprocessing = 0;
			shellPath = /bin/sh;
			shellScript = "diff \"${PODS_PODFILE_DIR_PATH}/Podfile.lock\" \"${PODS_ROOT}/Manifest.lock\" > /dev/null\nif [ $? != 0 ] ; then\n    # print error to STDERR\n    echo \"error: The sandbox is not in sync with the Podfile.lock. Run 'pod install' or update your CocoaPods installation.\" >&2\n    exit 1\nfi\n# This output is used by Xcode 'outputs' to avoid re-running this script phase.\necho \"SUCCESS\" > \"${SCRIPT_OUTPUT_FILE_0}\"\n";
			showEnvVarsInLog = 0;
		};
		ADDE576996CB7D9B0503236C /* [CP] Check Pods Manifest.lock */ = {
			isa = PBXShellScriptBuildPhase;
			buildActionMask = 2147483647;
			files = (
			);
			inputFileListPaths = (
			);
			inputPaths = (
				"${PODS_PODFILE_DIR_PATH}/Podfile.lock",
				"${PODS_ROOT}/Manifest.lock",
			);
			name = "[CP] Check Pods Manifest.lock";
			outputFileListPaths = (
			);
			outputPaths = (
				"$(DERIVED_FILE_DIR)/Pods-watch-Test WatchKit Extension-checkManifestLockResult.txt",
			);
			runOnlyForDeploymentPostprocessing = 0;
			shellPath = /bin/sh;
			shellScript = "diff \"${PODS_PODFILE_DIR_PATH}/Podfile.lock\" \"${PODS_ROOT}/Manifest.lock\" > /dev/null\nif [ $? != 0 ] ; then\n    # print error to STDERR\n    echo \"error: The sandbox is not in sync with the Podfile.lock. Run 'pod install' or update your CocoaPods installation.\" >&2\n    exit 1\nfi\n# This output is used by Xcode 'outputs' to avoid re-running this script phase.\necho \"SUCCESS\" > \"${SCRIPT_OUTPUT_FILE_0}\"\n";
			showEnvVarsInLog = 0;
		};
		E1A36A9D9D3791B9AE09D2A8 /* [CP] Check Pods Manifest.lock */ = {
			isa = PBXShellScriptBuildPhase;
			buildActionMask = 2147483647;
			files = (
			);
			inputFileListPaths = (
			);
			inputPaths = (
				"${PODS_PODFILE_DIR_PATH}/Podfile.lock",
				"${PODS_ROOT}/Manifest.lock",
			);
			name = "[CP] Check Pods Manifest.lock";
			outputFileListPaths = (
			);
			outputPaths = (
				"$(DERIVED_FILE_DIR)/Pods-watch-Test-checkManifestLockResult.txt",
			);
			runOnlyForDeploymentPostprocessing = 0;
			shellPath = /bin/sh;
			shellScript = "diff \"${PODS_PODFILE_DIR_PATH}/Podfile.lock\" \"${PODS_ROOT}/Manifest.lock\" > /dev/null\nif [ $? != 0 ] ; then\n    # print error to STDERR\n    echo \"error: The sandbox is not in sync with the Podfile.lock. Run 'pod install' or update your CocoaPods installation.\" >&2\n    exit 1\nfi\n# This output is used by Xcode 'outputs' to avoid re-running this script phase.\necho \"SUCCESS\" > \"${SCRIPT_OUTPUT_FILE_0}\"\n";
			showEnvVarsInLog = 0;
		};
		E5AE847240A9F065E6820D25 /* [CP] Check Pods Manifest.lock */ = {
			isa = PBXShellScriptBuildPhase;
			buildActionMask = 2147483647;
			files = (
			);
			inputFileListPaths = (
			);
			inputPaths = (
				"${PODS_PODFILE_DIR_PATH}/Podfile.lock",
				"${PODS_ROOT}/Manifest.lock",
			);
			name = "[CP] Check Pods Manifest.lock";
			outputFileListPaths = (
			);
			outputPaths = (
				"$(DERIVED_FILE_DIR)/Pods-watch-TestTests-checkManifestLockResult.txt",
			);
			runOnlyForDeploymentPostprocessing = 0;
			shellPath = /bin/sh;
			shellScript = "diff \"${PODS_PODFILE_DIR_PATH}/Podfile.lock\" \"${PODS_ROOT}/Manifest.lock\" > /dev/null\nif [ $? != 0 ] ; then\n    # print error to STDERR\n    echo \"error: The sandbox is not in sync with the Podfile.lock. Run 'pod install' or update your CocoaPods installation.\" >&2\n    exit 1\nfi\n# This output is used by Xcode 'outputs' to avoid re-running this script phase.\necho \"SUCCESS\" > \"${SCRIPT_OUTPUT_FILE_0}\"\n";
			showEnvVarsInLog = 0;
		};
		E7408CF128C6AB78D80DD588 /* [CP] Embed Pods Frameworks */ = {
			isa = PBXShellScriptBuildPhase;
			buildActionMask = 2147483647;
			files = (
			);
			inputFileListPaths = (
				"${PODS_ROOT}/Target Support Files/Pods-watch-Test WatchKit Extension/Pods-watch-Test WatchKit Extension-frameworks-${CONFIGURATION}-input-files.xcfilelist",
			);
			name = "[CP] Embed Pods Frameworks";
			outputFileListPaths = (
				"${PODS_ROOT}/Target Support Files/Pods-watch-Test WatchKit Extension/Pods-watch-Test WatchKit Extension-frameworks-${CONFIGURATION}-output-files.xcfilelist",
			);
			runOnlyForDeploymentPostprocessing = 0;
			shellPath = /bin/sh;
			shellScript = "\"${PODS_ROOT}/Target Support Files/Pods-watch-Test WatchKit Extension/Pods-watch-Test WatchKit Extension-frameworks.sh\"\n";
			showEnvVarsInLog = 0;
		};
		EE54F461F75D48D691843E15 /* [CP] Check Pods Manifest.lock */ = {
			isa = PBXShellScriptBuildPhase;
			buildActionMask = 2147483647;
			files = (
			);
			inputFileListPaths = (
			);
			inputPaths = (
				"${PODS_PODFILE_DIR_PATH}/Podfile.lock",
				"${PODS_ROOT}/Manifest.lock",
			);
			name = "[CP] Check Pods Manifest.lock";
			outputFileListPaths = (
			);
			outputPaths = (
				"$(DERIVED_FILE_DIR)/Pods-watch-Test WatchKit App-checkManifestLockResult.txt",
			);
			runOnlyForDeploymentPostprocessing = 0;
			shellPath = /bin/sh;
			shellScript = "diff \"${PODS_PODFILE_DIR_PATH}/Podfile.lock\" \"${PODS_ROOT}/Manifest.lock\" > /dev/null\nif [ $? != 0 ] ; then\n    # print error to STDERR\n    echo \"error: The sandbox is not in sync with the Podfile.lock. Run 'pod install' or update your CocoaPods installation.\" >&2\n    exit 1\nfi\n# This output is used by Xcode 'outputs' to avoid re-running this script phase.\necho \"SUCCESS\" > \"${SCRIPT_OUTPUT_FILE_0}\"\n";
			showEnvVarsInLog = 0;
		};
/* End PBXShellScriptBuildPhase section */

/* Begin PBXSourcesBuildPhase section */
		A872EACF2727FA9B00FA676D /* Sources */ = {
			isa = PBXSourcesBuildPhase;
			buildActionMask = 2147483647;
			files = (
				A872EADD2727FA9B00FA676D /* NotificationController.swift in Sources */,
				A872EB11272876EE00FA676D /* APIService.swift in Sources */,
				A872EADF2727FA9B00FA676D /* ComplicationController.swift in Sources */,
				A872EADB2727FA9B00FA676D /* ExtensionDelegate.swift in Sources */,
				A872EAD92727FA9B00FA676D /* InterfaceController.swift in Sources */,
				A872EB14272879FC00FA676D /* QRMeScreenResponse.swift in Sources */,
			);
			runOnlyForDeploymentPostprocessing = 0;
		};
		A872EAE42727FA9E00FA676D /* Sources */ = {
			isa = PBXSourcesBuildPhase;
			buildActionMask = 2147483647;
			files = (
				A872EAED2727FA9E00FA676D /* watch_TestTests.swift in Sources */,
			);
			runOnlyForDeploymentPostprocessing = 0;
		};
		A872EAEE2727FA9E00FA676D /* Sources */ = {
			isa = PBXSourcesBuildPhase;
			buildActionMask = 2147483647;
			files = (
				A872EAF92727FA9E00FA676D /* watch_TestUITestsLaunchTests.swift in Sources */,
				A872EAF72727FA9E00FA676D /* watch_TestUITests.swift in Sources */,
			);
			runOnlyForDeploymentPostprocessing = 0;
		};
/* End PBXSourcesBuildPhase section */

/* Begin PBXTargetDependency section */
		A872EAC82727FA9500FA676D /* PBXTargetDependency */ = {
			isa = PBXTargetDependency;
			target = A872EAC42727FA9400FA676D /* watch-Test WatchKit App */;
			targetProxy = A872EAC72727FA9500FA676D /* PBXContainerItemProxy */;
		};
		A872EAD62727FA9B00FA676D /* PBXTargetDependency */ = {
			isa = PBXTargetDependency;
			target = A872EAD22727FA9B00FA676D /* watch-Test WatchKit Extension */;
			targetProxy = A872EAD52727FA9B00FA676D /* PBXContainerItemProxy */;
		};
		A872EAEA2727FA9E00FA676D /* PBXTargetDependency */ = {
			isa = PBXTargetDependency;
			target = A872EAD22727FA9B00FA676D /* watch-Test WatchKit Extension */;
			targetProxy = A872EAE92727FA9E00FA676D /* PBXContainerItemProxy */;
		};
		A872EAF42727FA9E00FA676D /* PBXTargetDependency */ = {
			isa = PBXTargetDependency;
			target = A872EAC42727FA9400FA676D /* watch-Test WatchKit App */;
			targetProxy = A872EAF32727FA9E00FA676D /* PBXContainerItemProxy */;
		};
/* End PBXTargetDependency section */

/* Begin PBXVariantGroup section */
		A872EACA2727FA9500FA676D /* Interface.storyboard */ = {
			isa = PBXVariantGroup;
			children = (
				A872EACB2727FA9500FA676D /* Base */,
			);
			name = Interface.storyboard;
			sourceTree = "<group>";
		};
/* End PBXVariantGroup section */

/* Begin XCBuildConfiguration section */
		A872EAFA2727FA9E00FA676D /* Debug */ = {
			isa = XCBuildConfiguration;
			buildSettings = {
				ALWAYS_SEARCH_USER_PATHS = NO;
				CLANG_ANALYZER_NONNULL = YES;
				CLANG_ANALYZER_NUMBER_OBJECT_CONVERSION = YES_AGGRESSIVE;
				CLANG_CXX_LANGUAGE_STANDARD = "gnu++17";
				CLANG_CXX_LIBRARY = "libc++";
				CLANG_ENABLE_MODULES = YES;
				CLANG_ENABLE_OBJC_ARC = YES;
				CLANG_ENABLE_OBJC_WEAK = YES;
				CLANG_WARN_BLOCK_CAPTURE_AUTORELEASING = YES;
				CLANG_WARN_BOOL_CONVERSION = YES;
				CLANG_WARN_COMMA = YES;
				CLANG_WARN_CONSTANT_CONVERSION = YES;
				CLANG_WARN_DEPRECATED_OBJC_IMPLEMENTATIONS = YES;
				CLANG_WARN_DIRECT_OBJC_ISA_USAGE = YES_ERROR;
				CLANG_WARN_DOCUMENTATION_COMMENTS = YES;
				CLANG_WARN_EMPTY_BODY = YES;
				CLANG_WARN_ENUM_CONVERSION = YES;
				CLANG_WARN_INFINITE_RECURSION = YES;
				CLANG_WARN_INT_CONVERSION = YES;
				CLANG_WARN_NON_LITERAL_NULL_CONVERSION = YES;
				CLANG_WARN_OBJC_IMPLICIT_RETAIN_SELF = YES;
				CLANG_WARN_OBJC_LITERAL_CONVERSION = YES;
				CLANG_WARN_OBJC_ROOT_CLASS = YES_ERROR;
				CLANG_WARN_QUOTED_INCLUDE_IN_FRAMEWORK_HEADER = YES;
				CLANG_WARN_RANGE_LOOP_ANALYSIS = YES;
				CLANG_WARN_STRICT_PROTOTYPES = YES;
				CLANG_WARN_SUSPICIOUS_MOVE = YES;
				CLANG_WARN_UNGUARDED_AVAILABILITY = YES_AGGRESSIVE;
				CLANG_WARN_UNREACHABLE_CODE = YES;
				CLANG_WARN__DUPLICATE_METHOD_MATCH = YES;
				COPY_PHASE_STRIP = NO;
				DEBUG_INFORMATION_FORMAT = dwarf;
				ENABLE_STRICT_OBJC_MSGSEND = YES;
				ENABLE_TESTABILITY = YES;
				GCC_C_LANGUAGE_STANDARD = gnu11;
				GCC_DYNAMIC_NO_PIC = NO;
				GCC_NO_COMMON_BLOCKS = YES;
				GCC_OPTIMIZATION_LEVEL = 0;
				GCC_PREPROCESSOR_DEFINITIONS = (
					"DEBUG=1",
					"$(inherited)",
				);
				GCC_WARN_64_TO_32_BIT_CONVERSION = YES;
				GCC_WARN_ABOUT_RETURN_TYPE = YES_ERROR;
				GCC_WARN_UNDECLARED_SELECTOR = YES;
				GCC_WARN_UNINITIALIZED_AUTOS = YES_AGGRESSIVE;
				GCC_WARN_UNUSED_FUNCTION = YES;
				GCC_WARN_UNUSED_VARIABLE = YES;
				MTL_ENABLE_DEBUG_INFO = INCLUDE_SOURCE;
				MTL_FAST_MATH = YES;
				ONLY_ACTIVE_ARCH = YES;
				SDKROOT = iphoneos;
				SWIFT_ACTIVE_COMPILATION_CONDITIONS = DEBUG;
				SWIFT_OPTIMIZATION_LEVEL = "-Onone";
			};
			name = Debug;
		};
		A872EAFB2727FA9E00FA676D /* Release */ = {
			isa = XCBuildConfiguration;
			buildSettings = {
				ALWAYS_SEARCH_USER_PATHS = NO;
				CLANG_ANALYZER_NONNULL = YES;
				CLANG_ANALYZER_NUMBER_OBJECT_CONVERSION = YES_AGGRESSIVE;
				CLANG_CXX_LANGUAGE_STANDARD = "gnu++17";
				CLANG_CXX_LIBRARY = "libc++";
				CLANG_ENABLE_MODULES = YES;
				CLANG_ENABLE_OBJC_ARC = YES;
				CLANG_ENABLE_OBJC_WEAK = YES;
				CLANG_WARN_BLOCK_CAPTURE_AUTORELEASING = YES;
				CLANG_WARN_BOOL_CONVERSION = YES;
				CLANG_WARN_COMMA = YES;
				CLANG_WARN_CONSTANT_CONVERSION = YES;
				CLANG_WARN_DEPRECATED_OBJC_IMPLEMENTATIONS = YES;
				CLANG_WARN_DIRECT_OBJC_ISA_USAGE = YES_ERROR;
				CLANG_WARN_DOCUMENTATION_COMMENTS = YES;
				CLANG_WARN_EMPTY_BODY = YES;
				CLANG_WARN_ENUM_CONVERSION = YES;
				CLANG_WARN_INFINITE_RECURSION = YES;
				CLANG_WARN_INT_CONVERSION = YES;
				CLANG_WARN_NON_LITERAL_NULL_CONVERSION = YES;
				CLANG_WARN_OBJC_IMPLICIT_RETAIN_SELF = YES;
				CLANG_WARN_OBJC_LITERAL_CONVERSION = YES;
				CLANG_WARN_OBJC_ROOT_CLASS = YES_ERROR;
				CLANG_WARN_QUOTED_INCLUDE_IN_FRAMEWORK_HEADER = YES;
				CLANG_WARN_RANGE_LOOP_ANALYSIS = YES;
				CLANG_WARN_STRICT_PROTOTYPES = YES;
				CLANG_WARN_SUSPICIOUS_MOVE = YES;
				CLANG_WARN_UNGUARDED_AVAILABILITY = YES_AGGRESSIVE;
				CLANG_WARN_UNREACHABLE_CODE = YES;
				CLANG_WARN__DUPLICATE_METHOD_MATCH = YES;
				COPY_PHASE_STRIP = NO;
				DEBUG_INFORMATION_FORMAT = "dwarf-with-dsym";
				ENABLE_NS_ASSERTIONS = NO;
				ENABLE_STRICT_OBJC_MSGSEND = YES;
				GCC_C_LANGUAGE_STANDARD = gnu11;
				GCC_NO_COMMON_BLOCKS = YES;
				GCC_WARN_64_TO_32_BIT_CONVERSION = YES;
				GCC_WARN_ABOUT_RETURN_TYPE = YES_ERROR;
				GCC_WARN_UNDECLARED_SELECTOR = YES;
				GCC_WARN_UNINITIALIZED_AUTOS = YES_AGGRESSIVE;
				GCC_WARN_UNUSED_FUNCTION = YES;
				GCC_WARN_UNUSED_VARIABLE = YES;
				MTL_ENABLE_DEBUG_INFO = NO;
				MTL_FAST_MATH = YES;
				SDKROOT = iphoneos;
				SWIFT_COMPILATION_MODE = wholemodule;
				SWIFT_OPTIMIZATION_LEVEL = "-O";
				VALIDATE_PRODUCT = YES;
			};
			name = Release;
		};
		A872EAFD2727FA9E00FA676D /* Debug */ = {
			isa = XCBuildConfiguration;
			baseConfigurationReference = FEFD24BB449DBAE20D2F83C3 /* Pods-watch-Test WatchKit Extension.debug.xcconfig */;
			buildSettings = {
				ASSETCATALOG_COMPILER_COMPLICATION_NAME = Complication;
				CODE_SIGN_STYLE = Automatic;
				CURRENT_PROJECT_VERSION = 1;
				DEVELOPMENT_TEAM = MUFLS74TUV;
				GENERATE_INFOPLIST_FILE = YES;
				INFOPLIST_FILE = "watch-Test WatchKit Extension/Info.plist";
				INFOPLIST_KEY_CFBundleDisplayName = "watch-Test WatchKit Extension";
				INFOPLIST_KEY_CLKComplicationPrincipalClass = Halza_WatchKit_Extension.ComplicationController;
				INFOPLIST_KEY_NSHumanReadableCopyright = "";
				INFOPLIST_KEY_WKExtensionDelegateClassName = Halza_WatchKit_Extension.ExtensionDelegate;
				INFOPLIST_KEY_WKWatchOnly = YES;
				LD_RUNPATH_SEARCH_PATHS = (
					"$(inherited)",
					"@executable_path/Frameworks",
					"@executable_path/../../Frameworks",
				);
				MARKETING_VERSION = 1.0;
				PRODUCT_BUNDLE_IDENTIFIER = "com.Macbereg.watch-Test.watchkitapp.watchkitextension";
				PRODUCT_NAME = "${TARGET_NAME}";
				SDKROOT = watchos;
				SKIP_INSTALL = YES;
				SWIFT_EMIT_LOC_STRINGS = YES;
				SWIFT_VERSION = 5.0;
				TARGETED_DEVICE_FAMILY = 4;
				WATCHOS_DEPLOYMENT_TARGET = 8.0;
			};
			name = Debug;
		};
		A872EAFE2727FA9E00FA676D /* Release */ = {
			isa = XCBuildConfiguration;
			baseConfigurationReference = 7D95FB1CC54F8158E9B5B864 /* Pods-watch-Test WatchKit Extension.release.xcconfig */;
			buildSettings = {
				ASSETCATALOG_COMPILER_COMPLICATION_NAME = Complication;
				CODE_SIGN_STYLE = Automatic;
				CURRENT_PROJECT_VERSION = 1;
				DEVELOPMENT_TEAM = MUFLS74TUV;
				GENERATE_INFOPLIST_FILE = YES;
				INFOPLIST_FILE = "watch-Test WatchKit Extension/Info.plist";
				INFOPLIST_KEY_CFBundleDisplayName = "watch-Test WatchKit Extension";
				INFOPLIST_KEY_CLKComplicationPrincipalClass = Halza_WatchKit_Extension.ComplicationController;
				INFOPLIST_KEY_NSHumanReadableCopyright = "";
				INFOPLIST_KEY_WKExtensionDelegateClassName = Halza_WatchKit_Extension.ExtensionDelegate;
				INFOPLIST_KEY_WKWatchOnly = YES;
				LD_RUNPATH_SEARCH_PATHS = (
					"$(inherited)",
					"@executable_path/Frameworks",
					"@executable_path/../../Frameworks",
				);
				MARKETING_VERSION = 1.0;
				PRODUCT_BUNDLE_IDENTIFIER = "com.Macbereg.watch-Test.watchkitapp.watchkitextension";
				PRODUCT_NAME = "${TARGET_NAME}";
				SDKROOT = watchos;
				SKIP_INSTALL = YES;
				SWIFT_EMIT_LOC_STRINGS = YES;
				SWIFT_VERSION = 5.0;
				TARGETED_DEVICE_FAMILY = 4;
				WATCHOS_DEPLOYMENT_TARGET = 8.0;
			};
			name = Release;
		};
		A872EB012727FA9E00FA676D /* Debug */ = {
			isa = XCBuildConfiguration;
			baseConfigurationReference = 79A682273D80083AEB8A11FD /* Pods-watch-Test WatchKit App.debug.xcconfig */;
			buildSettings = {
				ALWAYS_EMBED_SWIFT_STANDARD_LIBRARIES = YES;
				ASSETCATALOG_COMPILER_APPICON_NAME = AppIcon;
				ASSETCATALOG_COMPILER_GLOBAL_ACCENT_COLOR_NAME = AccentColor;
				CODE_SIGN_STYLE = Automatic;
				CURRENT_PROJECT_VERSION = 1;
				DEVELOPMENT_TEAM = MUFLS74TUV;
				GENERATE_INFOPLIST_FILE = YES;
				IBSC_MODULE = watch_Test_WatchKit_Extension;
				INFOPLIST_KEY_CFBundleDisplayName = "watch-Test WatchKit App";
				INFOPLIST_KEY_UISupportedInterfaceOrientations = "UIInterfaceOrientationPortrait UIInterfaceOrientationPortraitUpsideDown";
				MARKETING_VERSION = 1.0;
				PRODUCT_BUNDLE_IDENTIFIER = "com.Macbereg.watch-Test.watchkitapp";
				PRODUCT_NAME = "$(TARGET_NAME)";
				SDKROOT = watchos;
				SKIP_INSTALL = YES;
				SWIFT_EMIT_LOC_STRINGS = YES;
				SWIFT_VERSION = 5.0;
				TARGETED_DEVICE_FAMILY = 4;
				WATCHOS_DEPLOYMENT_TARGET = 8.0;
			};
			name = Debug;
		};
		A872EB022727FA9E00FA676D /* Release */ = {
			isa = XCBuildConfiguration;
			baseConfigurationReference = 2251DFDC2324E4495C854759 /* Pods-watch-Test WatchKit App.release.xcconfig */;
			buildSettings = {
				ALWAYS_EMBED_SWIFT_STANDARD_LIBRARIES = YES;
				ASSETCATALOG_COMPILER_APPICON_NAME = AppIcon;
				ASSETCATALOG_COMPILER_GLOBAL_ACCENT_COLOR_NAME = AccentColor;
				CODE_SIGN_STYLE = Automatic;
				CURRENT_PROJECT_VERSION = 1;
				DEVELOPMENT_TEAM = MUFLS74TUV;
				GENERATE_INFOPLIST_FILE = YES;
				IBSC_MODULE = watch_Test_WatchKit_Extension;
				INFOPLIST_KEY_CFBundleDisplayName = "watch-Test WatchKit App";
				INFOPLIST_KEY_UISupportedInterfaceOrientations = "UIInterfaceOrientationPortrait UIInterfaceOrientationPortraitUpsideDown";
				MARKETING_VERSION = 1.0;
				PRODUCT_BUNDLE_IDENTIFIER = "com.Macbereg.watch-Test.watchkitapp";
				PRODUCT_NAME = "$(TARGET_NAME)";
				SDKROOT = watchos;
				SKIP_INSTALL = YES;
				SWIFT_EMIT_LOC_STRINGS = YES;
				SWIFT_VERSION = 5.0;
				TARGETED_DEVICE_FAMILY = 4;
				WATCHOS_DEPLOYMENT_TARGET = 8.0;
			};
			name = Release;
		};
		A872EB052727FA9E00FA676D /* Debug */ = {
			isa = XCBuildConfiguration;
			baseConfigurationReference = 1AF0E4A52D54150F4ADC2161 /* Pods-watch-Test.debug.xcconfig */;
			buildSettings = {
				CODE_SIGN_STYLE = Automatic;
				CURRENT_PROJECT_VERSION = 1;
				DEVELOPMENT_TEAM = MUFLS74TUV;
				MARKETING_VERSION = 1.0;
				PRODUCT_BUNDLE_IDENTIFIER = "com.Macbereg.watch-Test";
				PRODUCT_NAME = "$(TARGET_NAME)";
				SWIFT_VERSION = 5.0;
			};
			name = Debug;
		};
		A872EB062727FA9E00FA676D /* Release */ = {
			isa = XCBuildConfiguration;
			baseConfigurationReference = 76F50644535D6CCCF665FE00 /* Pods-watch-Test.release.xcconfig */;
			buildSettings = {
				CODE_SIGN_STYLE = Automatic;
				CURRENT_PROJECT_VERSION = 1;
				DEVELOPMENT_TEAM = MUFLS74TUV;
				MARKETING_VERSION = 1.0;
				PRODUCT_BUNDLE_IDENTIFIER = "com.Macbereg.watch-Test";
				PRODUCT_NAME = "$(TARGET_NAME)";
				SWIFT_VERSION = 5.0;
			};
			name = Release;
		};
		A872EB082727FA9E00FA676D /* Debug */ = {
			isa = XCBuildConfiguration;
			baseConfigurationReference = 810BBC006BF496C36A1ACC86 /* Pods-watch-TestTests.debug.xcconfig */;
			buildSettings = {
				ALWAYS_EMBED_SWIFT_STANDARD_LIBRARIES = YES;
				BUNDLE_LOADER = "$(TEST_HOST)";
				CODE_SIGN_STYLE = Automatic;
				CURRENT_PROJECT_VERSION = 1;
				DEVELOPMENT_TEAM = MUFLS74TUV;
				GENERATE_INFOPLIST_FILE = YES;
				LD_RUNPATH_SEARCH_PATHS = (
					"$(inherited)",
					"@executable_path/Frameworks",
					"@loader_path/Frameworks",
				);
				MARKETING_VERSION = 1.0;
				PRODUCT_BUNDLE_IDENTIFIER = "com.Macbereg.watch-TestTests";
				PRODUCT_NAME = "$(TARGET_NAME)";
				SDKROOT = watchos;
				SWIFT_EMIT_LOC_STRINGS = NO;
				SWIFT_VERSION = 5.0;
				TARGETED_DEVICE_FAMILY = 4;
				TEST_HOST = "$(BUILT_PRODUCTS_DIR)/watch-Test WatchKit Extension.appex/watch-Test WatchKit Extension";
				WATCHOS_DEPLOYMENT_TARGET = 8.0;
			};
			name = Debug;
		};
		A872EB092727FA9E00FA676D /* Release */ = {
			isa = XCBuildConfiguration;
			baseConfigurationReference = 6CADF6DD4A1069872BD03428 /* Pods-watch-TestTests.release.xcconfig */;
			buildSettings = {
				ALWAYS_EMBED_SWIFT_STANDARD_LIBRARIES = YES;
				BUNDLE_LOADER = "$(TEST_HOST)";
				CODE_SIGN_STYLE = Automatic;
				CURRENT_PROJECT_VERSION = 1;
				DEVELOPMENT_TEAM = MUFLS74TUV;
				GENERATE_INFOPLIST_FILE = YES;
				LD_RUNPATH_SEARCH_PATHS = (
					"$(inherited)",
					"@executable_path/Frameworks",
					"@loader_path/Frameworks",
				);
				MARKETING_VERSION = 1.0;
				PRODUCT_BUNDLE_IDENTIFIER = "com.Macbereg.watch-TestTests";
				PRODUCT_NAME = "$(TARGET_NAME)";
				SDKROOT = watchos;
				SWIFT_EMIT_LOC_STRINGS = NO;
				SWIFT_VERSION = 5.0;
				TARGETED_DEVICE_FAMILY = 4;
				TEST_HOST = "$(BUILT_PRODUCTS_DIR)/watch-Test WatchKit Extension.appex/watch-Test WatchKit Extension";
				WATCHOS_DEPLOYMENT_TARGET = 8.0;
			};
			name = Release;
		};
		A872EB0B2727FA9E00FA676D /* Debug */ = {
			isa = XCBuildConfiguration;
			baseConfigurationReference = 67BEA0B46327FA8066DBAFEB /* Pods-watch-Test-watch-TestUITests.debug.xcconfig */;
			buildSettings = {
				CODE_SIGN_STYLE = Automatic;
				CURRENT_PROJECT_VERSION = 1;
				DEVELOPMENT_TEAM = MUFLS74TUV;
				GENERATE_INFOPLIST_FILE = YES;
				LD_RUNPATH_SEARCH_PATHS = (
					"$(inherited)",
					"@executable_path/Frameworks",
					"@loader_path/Frameworks",
				);
				MARKETING_VERSION = 1.0;
				PRODUCT_BUNDLE_IDENTIFIER = "com.Macbereg.watch-TestUITests";
				PRODUCT_NAME = "$(TARGET_NAME)";
				SDKROOT = watchos;
				SWIFT_EMIT_LOC_STRINGS = NO;
				SWIFT_VERSION = 5.0;
				TARGETED_DEVICE_FAMILY = 4;
				TEST_TARGET_NAME = "watch-Test WatchKit App";
				WATCHOS_DEPLOYMENT_TARGET = 8.0;
			};
			name = Debug;
		};
		A872EB0C2727FA9E00FA676D /* Release */ = {
			isa = XCBuildConfiguration;
			baseConfigurationReference = 321206AA33D65D42BFD0CD5B /* Pods-watch-Test-watch-TestUITests.release.xcconfig */;
			buildSettings = {
				CODE_SIGN_STYLE = Automatic;
				CURRENT_PROJECT_VERSION = 1;
				DEVELOPMENT_TEAM = MUFLS74TUV;
				GENERATE_INFOPLIST_FILE = YES;
				LD_RUNPATH_SEARCH_PATHS = (
					"$(inherited)",
					"@executable_path/Frameworks",
					"@loader_path/Frameworks",
				);
				MARKETING_VERSION = 1.0;
				PRODUCT_BUNDLE_IDENTIFIER = "com.Macbereg.watch-TestUITests";
				PRODUCT_NAME = "$(TARGET_NAME)";
				SDKROOT = watchos;
				SWIFT_EMIT_LOC_STRINGS = NO;
				SWIFT_VERSION = 5.0;
				TARGETED_DEVICE_FAMILY = 4;
				TEST_TARGET_NAME = "watch-Test WatchKit App";
				WATCHOS_DEPLOYMENT_TARGET = 8.0;
			};
			name = Release;
		};
/* End XCBuildConfiguration section */

/* Begin XCConfigurationList section */
		A872EABE2727FA9400FA676D /* Build configuration list for PBXProject "watch-Test" */ = {
			isa = XCConfigurationList;
			buildConfigurations = (
				A872EAFA2727FA9E00FA676D /* Debug */,
				A872EAFB2727FA9E00FA676D /* Release */,
			);
			defaultConfigurationIsVisible = 0;
			defaultConfigurationName = Release;
		};
		A872EAFC2727FA9E00FA676D /* Build configuration list for PBXNativeTarget "watch-Test WatchKit Extension" */ = {
			isa = XCConfigurationList;
			buildConfigurations = (
				A872EAFD2727FA9E00FA676D /* Debug */,
				A872EAFE2727FA9E00FA676D /* Release */,
			);
			defaultConfigurationIsVisible = 0;
			defaultConfigurationName = Release;
		};
		A872EB002727FA9E00FA676D /* Build configuration list for PBXNativeTarget "watch-Test WatchKit App" */ = {
			isa = XCConfigurationList;
			buildConfigurations = (
				A872EB012727FA9E00FA676D /* Debug */,
				A872EB022727FA9E00FA676D /* Release */,
			);
			defaultConfigurationIsVisible = 0;
			defaultConfigurationName = Release;
		};
		A872EB042727FA9E00FA676D /* Build configuration list for PBXNativeTarget "watch-Test" */ = {
			isa = XCConfigurationList;
			buildConfigurations = (
				A872EB052727FA9E00FA676D /* Debug */,
				A872EB062727FA9E00FA676D /* Release */,
			);
			defaultConfigurationIsVisible = 0;
			defaultConfigurationName = Release;
		};
		A872EB072727FA9E00FA676D /* Build configuration list for PBXNativeTarget "watch-TestTests" */ = {
			isa = XCConfigurationList;
			buildConfigurations = (
				A872EB082727FA9E00FA676D /* Debug */,
				A872EB092727FA9E00FA676D /* Release */,
			);
			defaultConfigurationIsVisible = 0;
			defaultConfigurationName = Release;
		};
		A872EB0A2727FA9E00FA676D /* Build configuration list for PBXNativeTarget "watch-TestUITests" */ = {
			isa = XCConfigurationList;
			buildConfigurations = (
				A872EB0B2727FA9E00FA676D /* Debug */,
				A872EB0C2727FA9E00FA676D /* Release */,
			);
			defaultConfigurationIsVisible = 0;
			defaultConfigurationName = Release;
		};
/* End XCConfigurationList section */
	};
	rootObject = A872EABB2727FA9400FA676D /* Project object */;
}
